// !$*UTF8*$!
{
	archiveVersion = 1;
	classes = {
	};
	objectVersion = 50;
	objects = {

/* Begin PBXBuildFile section */
		921EDFD0267D1EB600D00AAB /* AppDelegate.swift in Sources */ = {isa = PBXBuildFile; fileRef = 921EDFCF267D1EB600D00AAB /* AppDelegate.swift */; };
		921EDFD2267D1EB600D00AAB /* SceneDelegate.swift in Sources */ = {isa = PBXBuildFile; fileRef = 921EDFD1267D1EB600D00AAB /* SceneDelegate.swift */; };
		921EDFD7267D1EB600D00AAB /* Main.storyboard in Resources */ = {isa = PBXBuildFile; fileRef = 921EDFD5267D1EB600D00AAB /* Main.storyboard */; };
		921EDFD9267D1EB800D00AAB /* Assets.xcassets in Resources */ = {isa = PBXBuildFile; fileRef = 921EDFD8267D1EB800D00AAB /* Assets.xcassets */; };
		921EDFDC267D1EB800D00AAB /* LaunchScreen.storyboard in Resources */ = {isa = PBXBuildFile; fileRef = 921EDFDA267D1EB800D00AAB /* LaunchScreen.storyboard */; };
		92A14FFB268537C800C40AAE /* MainViewController.swift in Sources */ = {isa = PBXBuildFile; fileRef = 92A14FFA268537C800C40AAE /* MainViewController.swift */; };
		92A14FFD26854A3B00C40AAE /* CustomTableViewCell.swift in Sources */ = {isa = PBXBuildFile; fileRef = 92A14FFC26854A3B00C40AAE /* CustomTableViewCell.swift */; };
		92F2339F268650F10044326B /* PlaceModel.swift in Sources */ = {isa = PBXBuildFile; fileRef = 92F2339E268650F10044326B /* PlaceModel.swift */; };
		92F233A126866A790044326B /* NewPlaceViewController.swift in Sources */ = {isa = PBXBuildFile; fileRef = 92F233A026866A790044326B /* NewPlaceViewController.swift */; };
		E4A47522F1044AEC9BC33882 /* Pods_MyPlaces.framework in Frameworks */ = {isa = PBXBuildFile; fileRef = 3580193DC6736B515ADDF080 /* Pods_MyPlaces.framework */; };
/* End PBXBuildFile section */

/* Begin PBXFileReference section */
		0F794471556C8DA83B8E1820 /* Pods-MyPlaces.debug.xcconfig */ = {isa = PBXFileReference; includeInIndex = 1; lastKnownFileType = text.xcconfig; name = "Pods-MyPlaces.debug.xcconfig"; path = "Target Support Files/Pods-MyPlaces/Pods-MyPlaces.debug.xcconfig"; sourceTree = "<group>"; };
		270873FFBDC7F998F71915B4 /* Pods-MyPlaces.release.xcconfig */ = {isa = PBXFileReference; includeInIndex = 1; lastKnownFileType = text.xcconfig; name = "Pods-MyPlaces.release.xcconfig"; path = "Target Support Files/Pods-MyPlaces/Pods-MyPlaces.release.xcconfig"; sourceTree = "<group>"; };
		3580193DC6736B515ADDF080 /* Pods_MyPlaces.framework */ = {isa = PBXFileReference; explicitFileType = wrapper.framework; includeInIndex = 0; path = Pods_MyPlaces.framework; sourceTree = BUILT_PRODUCTS_DIR; };
		921EDFCC267D1EB600D00AAB /* MyPlaces.app */ = {isa = PBXFileReference; explicitFileType = wrapper.application; includeInIndex = 0; path = MyPlaces.app; sourceTree = BUILT_PRODUCTS_DIR; };
		921EDFCF267D1EB600D00AAB /* AppDelegate.swift */ = {isa = PBXFileReference; lastKnownFileType = sourcecode.swift; path = AppDelegate.swift; sourceTree = "<group>"; };
		921EDFD1267D1EB600D00AAB /* SceneDelegate.swift */ = {isa = PBXFileReference; lastKnownFileType = sourcecode.swift; path = SceneDelegate.swift; sourceTree = "<group>"; };
		921EDFD6267D1EB600D00AAB /* Base */ = {isa = PBXFileReference; lastKnownFileType = file.storyboard; name = Base; path = Base.lproj/Main.storyboard; sourceTree = "<group>"; };
		921EDFD8267D1EB800D00AAB /* Assets.xcassets */ = {isa = PBXFileReference; lastKnownFileType = folder.assetcatalog; path = Assets.xcassets; sourceTree = "<group>"; };
		921EDFDB267D1EB800D00AAB /* Base */ = {isa = PBXFileReference; lastKnownFileType = file.storyboard; name = Base; path = Base.lproj/LaunchScreen.storyboard; sourceTree = "<group>"; };
		921EDFDD267D1EB800D00AAB /* Info.plist */ = {isa = PBXFileReference; lastKnownFileType = text.plist.xml; path = Info.plist; sourceTree = "<group>"; };
		92A14FFA268537C800C40AAE /* MainViewController.swift */ = {isa = PBXFileReference; lastKnownFileType = sourcecode.swift; path = MainViewController.swift; sourceTree = "<group>"; };
		92A14FFC26854A3B00C40AAE /* CustomTableViewCell.swift */ = {isa = PBXFileReference; lastKnownFileType = sourcecode.swift; path = CustomTableViewCell.swift; sourceTree = "<group>"; };
		92F2339E268650F10044326B /* PlaceModel.swift */ = {isa = PBXFileReference; lastKnownFileType = sourcecode.swift; path = PlaceModel.swift; sourceTree = "<group>"; };
		92F233A026866A790044326B /* NewPlaceViewController.swift */ = {isa = PBXFileReference; lastKnownFileType = sourcecode.swift; path = NewPlaceViewController.swift; sourceTree = "<group>"; };
/* End PBXFileReference section */

/* Begin PBXFrameworksBuildPhase section */
		921EDFC9267D1EB600D00AAB /* Frameworks */ = {
			isa = PBXFrameworksBuildPhase;
			buildActionMask = 2147483647;
			files = (
				E4A47522F1044AEC9BC33882 /* Pods_MyPlaces.framework in Frameworks */,
			);
			runOnlyForDeploymentPostprocessing = 0;
		};
/* End PBXFrameworksBuildPhase section */

/* Begin PBXGroup section */
		921EDFC3267D1EB600D00AAB = {
			isa = PBXGroup;
			children = (
				921EDFCE267D1EB600D00AAB /* MyPlaces */,
				921EDFCD267D1EB600D00AAB /* Products */,
				F0D8768C16CCBFCD790A4C9B /* Pods */,
				F7B6FF600B34BC812DFFDF85 /* Frameworks */,
			);
			sourceTree = "<group>";
		};
		921EDFCD267D1EB600D00AAB /* Products */ = {
			isa = PBXGroup;
			children = (
				921EDFCC267D1EB600D00AAB /* MyPlaces.app */,
			);
			name = Products;
			sourceTree = "<group>";
		};
		921EDFCE267D1EB600D00AAB /* MyPlaces */ = {
			isa = PBXGroup;
			children = (
				921EDFE6267D201000D00AAB /* Supporting files */,
				921EDFE5267D1FFA00D00AAB /* Controller */,
				921EDFE4267D1FF200D00AAB /* View */,
				921EDFE3267D1FE700D00AAB /* Model */,
				921EDFD8267D1EB800D00AAB /* Assets.xcassets */,
				921EDFDD267D1EB800D00AAB /* Info.plist */,
			);
			path = MyPlaces;
			sourceTree = "<group>";
		};
		921EDFE3267D1FE700D00AAB /* Model */ = {
			isa = PBXGroup;
			children = (
				92F2339E268650F10044326B /* PlaceModel.swift */,
			);
			path = Model;
			sourceTree = "<group>";
		};
		921EDFE4267D1FF200D00AAB /* View */ = {
			isa = PBXGroup;
			children = (
				921EDFD5267D1EB600D00AAB /* Main.storyboard */,
				921EDFDA267D1EB800D00AAB /* LaunchScreen.storyboard */,
			);
			path = View;
			sourceTree = "<group>";
		};
		921EDFE5267D1FFA00D00AAB /* Controller */ = {
			isa = PBXGroup;
			children = (
				92A14FFA268537C800C40AAE /* MainViewController.swift */,
				92A14FFC26854A3B00C40AAE /* CustomTableViewCell.swift */,
				92F233A026866A790044326B /* NewPlaceViewController.swift */,
			);
			path = Controller;
			sourceTree = "<group>";
		};
		921EDFE6267D201000D00AAB /* Supporting files */ = {
			isa = PBXGroup;
			children = (
				921EDFCF267D1EB600D00AAB /* AppDelegate.swift */,
				921EDFD1267D1EB600D00AAB /* SceneDelegate.swift */,
			);
			path = "Supporting files";
			sourceTree = "<group>";
		};
		F0D8768C16CCBFCD790A4C9B /* Pods */ = {
			isa = PBXGroup;
			children = (
				0F794471556C8DA83B8E1820 /* Pods-MyPlaces.debug.xcconfig */,
				270873FFBDC7F998F71915B4 /* Pods-MyPlaces.release.xcconfig */,
			);
			name = Pods;
			path = Pods;
			sourceTree = "<group>";
		};
		F7B6FF600B34BC812DFFDF85 /* Frameworks */ = {
			isa = PBXGroup;
			children = (
				3580193DC6736B515ADDF080 /* Pods_MyPlaces.framework */,
			);
			name = Frameworks;
			sourceTree = "<group>";
		};
/* End PBXGroup section */

/* Begin PBXNativeTarget section */
		921EDFCB267D1EB600D00AAB /* MyPlaces */ = {
			isa = PBXNativeTarget;
			buildConfigurationList = 921EDFE0267D1EB800D00AAB /* Build configuration list for PBXNativeTarget "MyPlaces" */;
			buildPhases = (
				1F076DBCC9A9191EF1EEDC8E /* [CP] Check Pods Manifest.lock */,
				921EDFC8267D1EB600D00AAB /* Sources */,
				921EDFC9267D1EB600D00AAB /* Frameworks */,
				921EDFCA267D1EB600D00AAB /* Resources */,
				13D83A23CF2A0176529A123E /* [CP] Embed Pods Frameworks */,
			);
			buildRules = (
			);
			dependencies = (
			);
			name = MyPlaces;
			productName = MyPlaces;
			productReference = 921EDFCC267D1EB600D00AAB /* MyPlaces.app */;
			productType = "com.apple.product-type.application";
		};
/* End PBXNativeTarget section */

/* Begin PBXProject section */
		921EDFC4267D1EB600D00AAB /* Project object */ = {
			isa = PBXProject;
			attributes = {
				LastSwiftUpdateCheck = 1130;
				LastUpgradeCheck = 1130;
				ORGANIZATIONNAME = "Denis Medvedev";
				TargetAttributes = {
					921EDFCB267D1EB600D00AAB = {
						CreatedOnToolsVersion = 11.3.1;
					};
				};
			};
			buildConfigurationList = 921EDFC7267D1EB600D00AAB /* Build configuration list for PBXProject "MyPlaces" */;
			compatibilityVersion = "Xcode 9.3";
			developmentRegion = en;
			hasScannedForEncodings = 0;
			knownRegions = (
				en,
				Base,
			);
			mainGroup = 921EDFC3267D1EB600D00AAB;
			productRefGroup = 921EDFCD267D1EB600D00AAB /* Products */;
			projectDirPath = "";
			projectRoot = "";
			targets = (
				921EDFCB267D1EB600D00AAB /* MyPlaces */,
			);
		};
/* End PBXProject section */

/* Begin PBXResourcesBuildPhase section */
		921EDFCA267D1EB600D00AAB /* Resources */ = {
			isa = PBXResourcesBuildPhase;
			buildActionMask = 2147483647;
			files = (
				921EDFDC267D1EB800D00AAB /* LaunchScreen.storyboard in Resources */,
				921EDFD9267D1EB800D00AAB /* Assets.xcassets in Resources */,
				921EDFD7267D1EB600D00AAB /* Main.storyboard in Resources */,
			);
			runOnlyForDeploymentPostprocessing = 0;
		};
/* End PBXResourcesBuildPhase section */

/* Begin PBXShellScriptBuildPhase section */
		13D83A23CF2A0176529A123E /* [CP] Embed Pods Frameworks */ = {
			isa = PBXShellScriptBuildPhase;
			buildActionMask = 2147483647;
			files = (
			);
			inputFileListPaths = (
				"${PODS_ROOT}/Target Support Files/Pods-MyPlaces/Pods-MyPlaces-frameworks-${CONFIGURATION}-input-files.xcfilelist",
			);
			name = "[CP] Embed Pods Frameworks";
			outputFileListPaths = (
				"${PODS_ROOT}/Target Support Files/Pods-MyPlaces/Pods-MyPlaces-frameworks-${CONFIGURATION}-output-files.xcfilelist",
			);
			runOnlyForDeploymentPostprocessing = 0;
			shellPath = /bin/sh;
			shellScript = "\"${PODS_ROOT}/Target Support Files/Pods-MyPlaces/Pods-MyPlaces-frameworks.sh\"\n";
			showEnvVarsInLog = 0;
		};
		1F076DBCC9A9191EF1EEDC8E /* [CP] Check Pods Manifest.lock */ = {
			isa = PBXShellScriptBuildPhase;
			buildActionMask = 2147483647;
			files = (
			);
			inputFileListPaths = (
			);
			inputPaths = (
				"${PODS_PODFILE_DIR_PATH}/Podfile.lock",
				"${PODS_ROOT}/Manifest.lock",
			);
			name = "[CP] Check Pods Manifest.lock";
			outputFileListPaths = (
			);
			outputPaths = (
				"$(DERIVED_FILE_DIR)/Pods-MyPlaces-checkManifestLockResult.txt",
			);
			runOnlyForDeploymentPostprocessing = 0;
			shellPath = /bin/sh;
			shellScript = "diff \"${PODS_PODFILE_DIR_PATH}/Podfile.lock\" \"${PODS_ROOT}/Manifest.lock\" > /dev/null\nif [ $? != 0 ] ; then\n    # print error to STDERR\n    echo \"error: The sandbox is not in sync with the Podfile.lock. Run 'pod install' or update your CocoaPods installation.\" >&2\n    exit 1\nfi\n# This output is used by Xcode 'outputs' to avoid re-running this script phase.\necho \"SUCCESS\" > \"${SCRIPT_OUTPUT_FILE_0}\"\n";
			showEnvVarsInLog = 0;
		};
/* End PBXShellScriptBuildPhase section */

/* Begin PBXSourcesBuildPhase section */
		921EDFC8267D1EB600D00AAB /* Sources */ = {
			isa = PBXSourcesBuildPhase;
			buildActionMask = 2147483647;
			files = (
				92A14FFB268537C800C40AAE /* MainViewController.swift in Sources */,
				92F233A126866A790044326B /* NewPlaceViewController.swift in Sources */,
				921EDFD0267D1EB600D00AAB /* AppDelegate.swift in Sources */,
				92F2339F268650F10044326B /* PlaceModel.swift in Sources */,
				92A14FFD26854A3B00C40AAE /* CustomTableViewCell.swift in Sources */,
				921EDFD2267D1EB600D00AAB /* SceneDelegate.swift in Sources */,
			);
			runOnlyForDeploymentPostprocessing = 0;
		};
/* End PBXSourcesBuildPhase section */

/* Begin PBXVariantGroup section */
		921EDFD5267D1EB600D00AAB /* Main.storyboard */ = {
			isa = PBXVariantGroup;
			children = (
				921EDFD6267D1EB600D00AAB /* Base */,
			);
			name = Main.storyboard;
			sourceTree = "<group>";
		};
		921EDFDA267D1EB800D00AAB /* LaunchScreen.storyboard */ = {
			isa = PBXVariantGroup;
			children = (
				921EDFDB267D1EB800D00AAB /* Base */,
			);
			name = LaunchScreen.storyboard;
			sourceTree = "<group>";
		};
/* End PBXVariantGroup section */

/* Begin XCBuildConfiguration section */
		921EDFDE267D1EB800D00AAB /* Debug */ = {
			isa = XCBuildConfiguration;
			buildSettings = {
				ALWAYS_SEARCH_USER_PATHS = NO;
				CLANG_ANALYZER_NONNULL = YES;
				CLANG_ANALYZER_NUMBER_OBJECT_CONVERSION = YES_AGGRESSIVE;
				CLANG_CXX_LANGUAGE_STANDARD = "gnu++14";
				CLANG_CXX_LIBRARY = "libc++";
				CLANG_ENABLE_MODULES = YES;
				CLANG_ENABLE_OBJC_ARC = YES;
				CLANG_ENABLE_OBJC_WEAK = YES;
				CLANG_WARN_BLOCK_CAPTURE_AUTORELEASING = YES;
				CLANG_WARN_BOOL_CONVERSION = YES;
				CLANG_WARN_COMMA = YES;
				CLANG_WARN_CONSTANT_CONVERSION = YES;
				CLANG_WARN_DEPRECATED_OBJC_IMPLEMENTATIONS = YES;
				CLANG_WARN_DIRECT_OBJC_ISA_USAGE = YES_ERROR;
				CLANG_WARN_DOCUMENTATION_COMMENTS = YES;
				CLANG_WARN_EMPTY_BODY = YES;
				CLANG_WARN_ENUM_CONVERSION = YES;
				CLANG_WARN_INFINITE_RECURSION = YES;
				CLANG_WARN_INT_CONVERSION = YES;
				CLANG_WARN_NON_LITERAL_NULL_CONVERSION = YES;
				CLANG_WARN_OBJC_IMPLICIT_RETAIN_SELF = YES;
				CLANG_WARN_OBJC_LITERAL_CONVERSION = YES;
				CLANG_WARN_OBJC_ROOT_CLASS = YES_ERROR;
				CLANG_WARN_RANGE_LOOP_ANALYSIS = YES;
				CLANG_WARN_STRICT_PROTOTYPES = YES;
				CLANG_WARN_SUSPICIOUS_MOVE = YES;
				CLANG_WARN_UNGUARDED_AVAILABILITY = YES_AGGRESSIVE;
				CLANG_WARN_UNREACHABLE_CODE = YES;
				CLANG_WARN__DUPLICATE_METHOD_MATCH = YES;
				COPY_PHASE_STRIP = NO;
				DEBUG_INFORMATION_FORMAT = dwarf;
				ENABLE_STRICT_OBJC_MSGSEND = YES;
				ENABLE_TESTABILITY = YES;
				GCC_C_LANGUAGE_STANDARD = gnu11;
				GCC_DYNAMIC_NO_PIC = NO;
				GCC_NO_COMMON_BLOCKS = YES;
				GCC_OPTIMIZATION_LEVEL = 0;
				GCC_PREPROCESSOR_DEFINITIONS = (
					"DEBUG=1",
					"$(inherited)",
				);
				GCC_WARN_64_TO_32_BIT_CONVERSION = YES;
				GCC_WARN_ABOUT_RETURN_TYPE = YES_ERROR;
				GCC_WARN_UNDECLARED_SELECTOR = YES;
				GCC_WARN_UNINITIALIZED_AUTOS = YES_AGGRESSIVE;
				GCC_WARN_UNUSED_FUNCTION = YES;
				GCC_WARN_UNUSED_VARIABLE = YES;
				IPHONEOS_DEPLOYMENT_TARGET = 13.2;
				MTL_ENABLE_DEBUG_INFO = INCLUDE_SOURCE;
				MTL_FAST_MATH = YES;
				ONLY_ACTIVE_ARCH = YES;
				SDKROOT = iphoneos;
				SWIFT_ACTIVE_COMPILATION_CONDITIONS = DEBUG;
				SWIFT_OPTIMIZATION_LEVEL = "-Onone";
			};
			name = Debug;
		};
		921EDFDF267D1EB800D00AAB /* Release */ = {
			isa = XCBuildConfiguration;
			buildSettings = {
				ALWAYS_SEARCH_USER_PATHS = NO;
				CLANG_ANALYZER_NONNULL = YES;
				CLANG_ANALYZER_NUMBER_OBJECT_CONVERSION = YES_AGGRESSIVE;
				CLANG_CXX_LANGUAGE_STANDARD = "gnu++14";
				CLANG_CXX_LIBRARY = "libc++";
				CLANG_ENABLE_MODULES = YES;
				CLANG_ENABLE_OBJC_ARC = YES;
				CLANG_ENABLE_OBJC_WEAK = YES;
				CLANG_WARN_BLOCK_CAPTURE_AUTORELEASING = YES;
				CLANG_WARN_BOOL_CONVERSION = YES;
				CLANG_WARN_COMMA = YES;
				CLANG_WARN_CONSTANT_CONVERSION = YES;
				CLANG_WARN_DEPRECATED_OBJC_IMPLEMENTATIONS = YES;
				CLANG_WARN_DIRECT_OBJC_ISA_USAGE = YES_ERROR;
				CLANG_WARN_DOCUMENTATION_COMMENTS = YES;
				CLANG_WARN_EMPTY_BODY = YES;
				CLANG_WARN_ENUM_CONVERSION = YES;
				CLANG_WARN_INFINITE_RECURSION = YES;
				CLANG_WARN_INT_CONVERSION = YES;
				CLANG_WARN_NON_LITERAL_NULL_CONVERSION = YES;
				CLANG_WARN_OBJC_IMPLICIT_RETAIN_SELF = YES;
				CLANG_WARN_OBJC_LITERAL_CONVERSION = YES;
				CLANG_WARN_OBJC_ROOT_CLASS = YES_ERROR;
				CLANG_WARN_RANGE_LOOP_ANALYSIS = YES;
				CLANG_WARN_STRICT_PROTOTYPES = YES;
				CLANG_WARN_SUSPICIOUS_MOVE = YES;
				CLANG_WARN_UNGUARDED_AVAILABILITY = YES_AGGRESSIVE;
				CLANG_WARN_UNREACHABLE_CODE = YES;
				CLANG_WARN__DUPLICATE_METHOD_MATCH = YES;
				COPY_PHASE_STRIP = NO;
				DEBUG_INFORMATION_FORMAT = "dwarf-with-dsym";
				ENABLE_NS_ASSERTIONS = NO;
				ENABLE_STRICT_OBJC_MSGSEND = YES;
				GCC_C_LANGUAGE_STANDARD = gnu11;
				GCC_NO_COMMON_BLOCKS = YES;
				GCC_WARN_64_TO_32_BIT_CONVERSION = YES;
				GCC_WARN_ABOUT_RETURN_TYPE = YES_ERROR;
				GCC_WARN_UNDECLARED_SELECTOR = YES;
				GCC_WARN_UNINITIALIZED_AUTOS = YES_AGGRESSIVE;
				GCC_WARN_UNUSED_FUNCTION = YES;
				GCC_WARN_UNUSED_VARIABLE = YES;
				IPHONEOS_DEPLOYMENT_TARGET = 13.2;
				MTL_ENABLE_DEBUG_INFO = NO;
				MTL_FAST_MATH = YES;
				SDKROOT = iphoneos;
				SWIFT_COMPILATION_MODE = wholemodule;
				SWIFT_OPTIMIZATION_LEVEL = "-O";
				VALIDATE_PRODUCT = YES;
			};
			name = Release;
		};
		921EDFE1267D1EB800D00AAB /* Debug */ = {
			isa = XCBuildConfiguration;
			baseConfigurationReference = 0F794471556C8DA83B8E1820 /* Pods-MyPlaces.debug.xcconfig */;
			buildSettings = {
				ASSETCATALOG_COMPILER_APPICON_NAME = AppIcon;
				CODE_SIGN_STYLE = Automatic;
				DEVELOPMENT_TEAM = 7DF45VLQ6Z;
				INFOPLIST_FILE = MyPlaces/Info.plist;
				LD_RUNPATH_SEARCH_PATHS = (
					"$(inherited)",
					"@executable_path/Frameworks",
				);
				PRODUCT_BUNDLE_IDENTIFIER = ru.mai.MyPlaces;
				PRODUCT_NAME = "$(TARGET_NAME)";
				SWIFT_VERSION = 5.0;
				TARGETED_DEVICE_FAMILY = "1,2";
			};
			name = Debug;
		};
		921EDFE2267D1EB800D00AAB /* Release */ = {
			isa = XCBuildConfiguration;
			baseConfigurationReference = 270873FFBDC7F998F71915B4 /* Pods-MyPlaces.release.xcconfig */;
			buildSettings = {
				ASSETCATALOG_COMPILER_APPICON_NAME = AppIcon;
				CODE_SIGN_STYLE = Automatic;
				DEVELOPMENT_TEAM = 7DF45VLQ6Z;
				INFOPLIST_FILE = MyPlaces/Info.plist;
				LD_RUNPATH_SEARCH_PATHS = (
					"$(inherited)",
					"@executable_path/Frameworks",
				);
				PRODUCT_BUNDLE_IDENTIFIER = ru.mai.MyPlaces;
				PRODUCT_NAME = "$(TARGET_NAME)";
				SWIFT_VERSION = 5.0;
				TARGETED_DEVICE_FAMILY = "1,2";
			};
			name = Release;
		};
/* End XCBuildConfiguration section */

/* Begin XCConfigurationList section */
		921EDFC7267D1EB600D00AAB /* Build configuration list for PBXProject "MyPlaces" */ = {
			isa = XCConfigurationList;
			buildConfigurations = (
				921EDFDE267D1EB800D00AAB /* Debug */,
				921EDFDF267D1EB800D00AAB /* Release */,
			);
			defaultConfigurationIsVisible = 0;
			defaultConfigurationName = Release;
		};
		921EDFE0267D1EB800D00AAB /* Build configuration list for PBXNativeTarget "MyPlaces" */ = {
			isa = XCConfigurationList;
			buildConfigurations = (
				921EDFE1267D1EB800D00AAB /* Debug */,
				921EDFE2267D1EB800D00AAB /* Release */,
			);
			defaultConfigurationIsVisible = 0;
			defaultConfigurationName = Release;
		};
/* End XCConfigurationList section */
	};
	rootObject = 921EDFC4267D1EB600D00AAB /* Project object */;
}
